
Microsoft Visual Studio Solution File, Format Version 12.00
# Visual Studio 15
VisualStudioVersion = 15.0.28307.489
MinimumVisualStudioVersion = 10.0.40219.1
Project("{FAE04EC0-301F-11D3-BF4B-00C04F79EFBC}") = "PruebaTecnica2", "PruebaTecnica2\PruebaTecnica2.csproj", "{CF039043-081D-4FDE-BB61-64B0F8AAEA01}"
EndProject
Global
	GlobalSection(SolutionConfigurationPlatforms) = preSolution
		Debug|Any CPU = Debug|Any CPU
		Release|Any CPU = Release|Any CPU
	EndGlobalSection
	GlobalSection(ProjectConfigurationPlatforms) = postSolution
		{CF039043-081D-4FDE-BB61-64B0F8AAEA01}.Debug|Any CPU.ActiveCfg = Debug|Any CPU
		{CF039043-081D-4FDE-BB61-64B0F8AAEA01}.Debug|Any CPU.Build.0 = Debug|Any CPU
		{CF039043-081D-4FDE-BB61-64B0F8AAEA01}.Release|Any CPU.ActiveCfg = Release|Any CPU
		{CF039043-081D-4FDE-BB61-64B0F8AAEA01}.Release|Any CPU.Build.0 = Release|Any CPU
	EndGlobalSection
	GlobalSection(SolutionProperties) = preSolution
		HideSolutionNode = FALSE
	EndGlobalSection
	GlobalSection(ExtensibilityGlobals) = postSolution
		SolutionGuid = {ED4B5966-79A1-4057-B2C8-45E49D0BF1B9}
	EndGlobalSection
EndGlobal
